// !$*UTF8*$!
{
	archiveVersion = 1;
	classes = {
	};
	objectVersion = 50;
	objects = {

/* Begin PBXBuildFile section */
		2FD02B242876BB9F00C619E2 /* AppDelegate.swift in Sources */ = {isa = PBXBuildFile; fileRef = 2FD02B232876BB9F00C619E2 /* AppDelegate.swift */; };
		2FD02B262876BB9F00C619E2 /* SceneDelegate.swift in Sources */ = {isa = PBXBuildFile; fileRef = 2FD02B252876BB9F00C619E2 /* SceneDelegate.swift */; };
		2FD02B282876BB9F00C619E2 /* ViewController.swift in Sources */ = {isa = PBXBuildFile; fileRef = 2FD02B272876BB9F00C619E2 /* ViewController.swift */; };
		2FD02B2B2876BB9F00C619E2 /* Main.storyboard in Resources */ = {isa = PBXBuildFile; fileRef = 2FD02B292876BB9F00C619E2 /* Main.storyboard */; };
		2FD02B2D2876BBA100C619E2 /* Assets.xcassets in Resources */ = {isa = PBXBuildFile; fileRef = 2FD02B2C2876BBA100C619E2 /* Assets.xcassets */; };
		2FD02B302876BBA100C619E2 /* LaunchScreen.storyboard in Resources */ = {isa = PBXBuildFile; fileRef = 2FD02B2E2876BBA100C619E2 /* LaunchScreen.storyboard */; };
		2FD5EC73287743EF00B9BB94 /* spin.wav in Resources */ = {isa = PBXBuildFile; fileRef = 2FD5EC72287743EF00B9BB94 /* spin.wav */; };
		2FD5EC752877440600B9BB94 /* win.wav in Resources */ = {isa = PBXBuildFile; fileRef = 2FD5EC742877440600B9BB94 /* win.wav */; };
		2FF829A32876CDB60088D254 /* GameViewController.swift in Sources */ = {isa = PBXBuildFile; fileRef = 2FF829A22876CDB60088D254 /* GameViewController.swift */; };
		2FF829A72876CE980088D254 /* Games.swift in Sources */ = {isa = PBXBuildFile; fileRef = 2FF829A62876CE980088D254 /* Games.swift */; };
/* End PBXBuildFile section */

/* Begin PBXFileReference section */
		2FD02B202876BB9E00C619E2 /* FinalTestTask.app */ = {isa = PBXFileReference; explicitFileType = wrapper.application; includeInIndex = 0; path = FinalTestTask.app; sourceTree = BUILT_PRODUCTS_DIR; };
		2FD02B232876BB9F00C619E2 /* AppDelegate.swift */ = {isa = PBXFileReference; lastKnownFileType = sourcecode.swift; path = AppDelegate.swift; sourceTree = "<group>"; };
		2FD02B252876BB9F00C619E2 /* SceneDelegate.swift */ = {isa = PBXFileReference; lastKnownFileType = sourcecode.swift; path = SceneDelegate.swift; sourceTree = "<group>"; };
		2FD02B272876BB9F00C619E2 /* ViewController.swift */ = {isa = PBXFileReference; lastKnownFileType = sourcecode.swift; path = ViewController.swift; sourceTree = "<group>"; };
		2FD02B2A2876BB9F00C619E2 /* Base */ = {isa = PBXFileReference; lastKnownFileType = file.storyboard; name = Base; path = Base.lproj/Main.storyboard; sourceTree = "<group>"; };
		2FD02B2C2876BBA100C619E2 /* Assets.xcassets */ = {isa = PBXFileReference; lastKnownFileType = folder.assetcatalog; path = Assets.xcassets; sourceTree = "<group>"; };
		2FD02B2F2876BBA100C619E2 /* Base */ = {isa = PBXFileReference; lastKnownFileType = file.storyboard; name = Base; path = Base.lproj/LaunchScreen.storyboard; sourceTree = "<group>"; };
		2FD02B312876BBA100C619E2 /* Info.plist */ = {isa = PBXFileReference; lastKnownFileType = text.plist.xml; path = Info.plist; sourceTree = "<group>"; };
		2FD5EC72287743EF00B9BB94 /* spin.wav */ = {isa = PBXFileReference; lastKnownFileType = audio.wav; name = spin.wav; path = "../../../../Downloads/iOS-Proj-CasinoGame-master/Casino/Casino/spin.wav"; sourceTree = "<group>"; };
		2FD5EC742877440600B9BB94 /* win.wav */ = {isa = PBXFileReference; lastKnownFileType = audio.wav; name = win.wav; path = "../../../../Downloads/iOS-Proj-CasinoGame-master/Casino/Casino/win.wav"; sourceTree = "<group>"; };
		2FF829A22876CDB60088D254 /* GameViewController.swift */ = {isa = PBXFileReference; lastKnownFileType = sourcecode.swift; path = GameViewController.swift; sourceTree = "<group>"; };
		2FF829A62876CE980088D254 /* Games.swift */ = {isa = PBXFileReference; lastKnownFileType = sourcecode.swift; path = Games.swift; sourceTree = "<group>"; };
/* End PBXFileReference section */

/* Begin PBXFrameworksBuildPhase section */
		2FD02B1D2876BB9E00C619E2 /* Frameworks */ = {
			isa = PBXFrameworksBuildPhase;
			buildActionMask = 2147483647;
			files = (
			);
			runOnlyForDeploymentPostprocessing = 0;
		};
/* End PBXFrameworksBuildPhase section */

/* Begin PBXGroup section */
		2FD02B172876BB9E00C619E2 = {
			isa = PBXGroup;
			children = (
				2FD02B222876BB9E00C619E2 /* FinalTestTask */,
				2FD02B212876BB9E00C619E2 /* Products */,
			);
			sourceTree = "<group>";
		};
		2FD02B212876BB9E00C619E2 /* Products */ = {
			isa = PBXGroup;
			children = (
				2FD02B202876BB9E00C619E2 /* FinalTestTask.app */,
			);
			name = Products;
			sourceTree = "<group>";
		};
		2FD02B222876BB9E00C619E2 /* FinalTestTask */ = {
			isa = PBXGroup;
			children = (
				2FD02B232876BB9F00C619E2 /* AppDelegate.swift */,
				2FD02B252876BB9F00C619E2 /* SceneDelegate.swift */,
				2FF829A62876CE980088D254 /* Games.swift */,
				2FD02B272876BB9F00C619E2 /* ViewController.swift */,
				2FF829A22876CDB60088D254 /* GameViewController.swift */,
				2FD02B292876BB9F00C619E2 /* Main.storyboard */,
				2FD02B2C2876BBA100C619E2 /* Assets.xcassets */,
				2FD02B2E2876BBA100C619E2 /* LaunchScreen.storyboard */,
				2FD02B312876BBA100C619E2 /* Info.plist */,
				2FD5EC72287743EF00B9BB94 /* spin.wav */,
				2FD5EC742877440600B9BB94 /* win.wav */,
			);
			path = FinalTestTask;
			sourceTree = "<group>";
		};
/* End PBXGroup section */

/* Begin PBXNativeTarget section */
		2FD02B1F2876BB9E00C619E2 /* FinalTestTask */ = {
			isa = PBXNativeTarget;
			buildConfigurationList = 2FD02B342876BBA100C619E2 /* Build configuration list for PBXNativeTarget "FinalTestTask" */;
			buildPhases = (
				2FD02B1C2876BB9E00C619E2 /* Sources */,
				2FD02B1D2876BB9E00C619E2 /* Frameworks */,
				2FD02B1E2876BB9E00C619E2 /* Resources */,
			);
			buildRules = (
			);
			dependencies = (
			);
			name = FinalTestTask;
			productName = FinalTestTask;
			productReference = 2FD02B202876BB9E00C619E2 /* FinalTestTask.app */;
			productType = "com.apple.product-type.application";
		};
/* End PBXNativeTarget section */

/* Begin PBXProject section */
		2FD02B182876BB9E00C619E2 /* Project object */ = {
			isa = PBXProject;
			attributes = {
				LastSwiftUpdateCheck = 1130;
				LastUpgradeCheck = 1130;
				ORGANIZATIONNAME = vladcatalina;
				TargetAttributes = {
					2FD02B1F2876BB9E00C619E2 = {
						CreatedOnToolsVersion = 11.3;
					};
				};
			};
			buildConfigurationList = 2FD02B1B2876BB9E00C619E2 /* Build configuration list for PBXProject "FinalTestTask" */;
			compatibilityVersion = "Xcode 9.3";
			developmentRegion = en;
			hasScannedForEncodings = 0;
			knownRegions = (
				en,
				Base,
			);
			mainGroup = 2FD02B172876BB9E00C619E2;
			productRefGroup = 2FD02B212876BB9E00C619E2 /* Products */;
			projectDirPath = "";
			projectRoot = "";
			targets = (
				2FD02B1F2876BB9E00C619E2 /* FinalTestTask */,
			);
		};
/* End PBXProject section */

/* Begin PBXResourcesBuildPhase section */
		2FD02B1E2876BB9E00C619E2 /* Resources */ = {
			isa = PBXResourcesBuildPhase;
			buildActionMask = 2147483647;
			files = (
				2FD02B302876BBA100C619E2 /* LaunchScreen.storyboard in Resources */,
				2FD02B2D2876BBA100C619E2 /* Assets.xcassets in Resources */,
				2FD5EC73287743EF00B9BB94 /* spin.wav in Resources */,
				2FD5EC752877440600B9BB94 /* win.wav in Resources */,
				2FD02B2B2876BB9F00C619E2 /* Main.storyboard in Resources */,
			);
			runOnlyForDeploymentPostprocessing = 0;
		};
/* End PBXResourcesBuildPhase section */

/* Begin PBXSourcesBuildPhase section */
		2FD02B1C2876BB9E00C619E2 /* Sources */ = {
			isa = PBXSourcesBuildPhase;
			buildActionMask = 2147483647;
			files = (
				2FF829A32876CDB60088D254 /* GameViewController.swift in Sources */,
				2FD02B282876BB9F00C619E2 /* ViewController.swift in Sources */,
				2FD02B242876BB9F00C619E2 /* AppDelegate.swift in Sources */,
				2FF829A72876CE980088D254 /* Games.swift in Sources */,
				2FD02B262876BB9F00C619E2 /* SceneDelegate.swift in Sources */,
			);
			runOnlyForDeploymentPostprocessing = 0;
		};
/* End PBXSourcesBuildPhase section */

/* Begin PBXVariantGroup section */
		2FD02B292876BB9F00C619E2 /* Main.storyboard */ = {
			isa = PBXVariantGroup;
			children = (
				2FD02B2A2876BB9F00C619E2 /* Base */,
			);
			name = Main.storyboard;
			sourceTree = "<group>";
		};
		2FD02B2E2876BBA100C619E2 /* LaunchScreen.storyboard */ = {
			isa = PBXVariantGroup;
			children = (
				2FD02B2F2876BBA100C619E2 /* Base */,
			);
			name = LaunchScreen.storyboard;
			sourceTree = "<group>";
		};
/* End PBXVariantGroup section */

/* Begin XCBuildConfiguration section */
		2FD02B322876BBA100C619E2 /* Debug */ = {
			isa = XCBuildConfiguration;
			buildSettings = {
				ALWAYS_SEARCH_USER_PATHS = NO;
				CLANG_ANALYZER_NONNULL = YES;
				CLANG_ANALYZER_NUMBER_OBJECT_CONVERSION = YES_AGGRESSIVE;
				CLANG_CXX_LANGUAGE_STANDARD = "gnu++14";
				CLANG_CXX_LIBRARY = "libc++";
				CLANG_ENABLE_MODULES = YES;
				CLANG_ENABLE_OBJC_ARC = YES;
				CLANG_ENABLE_OBJC_WEAK = YES;
				CLANG_WARN_BLOCK_CAPTURE_AUTORELEASING = YES;
				CLANG_WARN_BOOL_CONVERSION = YES;
				CLANG_WARN_COMMA = YES;
				CLANG_WARN_CONSTANT_CONVERSION = YES;
				CLANG_WARN_DEPRECATED_OBJC_IMPLEMENTATIONS = YES;
				CLANG_WARN_DIRECT_OBJC_ISA_USAGE = YES_ERROR;
				CLANG_WARN_DOCUMENTATION_COMMENTS = YES;
				CLANG_WARN_EMPTY_BODY = YES;
				CLANG_WARN_ENUM_CONVERSION = YES;
				CLANG_WARN_INFINITE_RECURSION = YES;
				CLANG_WARN_INT_CONVERSION = YES;
				CLANG_WARN_NON_LITERAL_NULL_CONVERSION = YES;
				CLANG_WARN_OBJC_IMPLICIT_RETAIN_SELF = YES;
				CLANG_WARN_OBJC_LITERAL_CONVERSION = YES;
				CLANG_WARN_OBJC_ROOT_CLASS = YES_ERROR;
				CLANG_WARN_RANGE_LOOP_ANALYSIS = YES;
				CLANG_WARN_STRICT_PROTOTYPES = YES;
				CLANG_WARN_SUSPICIOUS_MOVE = YES;
				CLANG_WARN_UNGUARDED_AVAILABILITY = YES_AGGRESSIVE;
				CLANG_WARN_UNREACHABLE_CODE = YES;
				CLANG_WARN__DUPLICATE_METHOD_MATCH = YES;
				COPY_PHASE_STRIP = NO;
				DEBUG_INFORMATION_FORMAT = dwarf;
				ENABLE_STRICT_OBJC_MSGSEND = YES;
				ENABLE_TESTABILITY = YES;
				GCC_C_LANGUAGE_STANDARD = gnu11;
				GCC_DYNAMIC_NO_PIC = NO;
				GCC_NO_COMMON_BLOCKS = YES;
				GCC_OPTIMIZATION_LEVEL = 0;
				GCC_PREPROCESSOR_DEFINITIONS = (
					"DEBUG=1",
					"$(inherited)",
				);
				GCC_WARN_64_TO_32_BIT_CONVERSION = YES;
				GCC_WARN_ABOUT_RETURN_TYPE = YES_ERROR;
				GCC_WARN_UNDECLARED_SELECTOR = YES;
				GCC_WARN_UNINITIALIZED_AUTOS = YES_AGGRESSIVE;
				GCC_WARN_UNUSED_FUNCTION = YES;
				GCC_WARN_UNUSED_VARIABLE = YES;
				IPHONEOS_DEPLOYMENT_TARGET = 13.2;
				MTL_ENABLE_DEBUG_INFO = INCLUDE_SOURCE;
				MTL_FAST_MATH = YES;
				ONLY_ACTIVE_ARCH = YES;
				SDKROOT = iphoneos;
				SWIFT_ACTIVE_COMPILATION_CONDITIONS = DEBUG;
				SWIFT_OPTIMIZATION_LEVEL = "-Onone";
			};
			name = Debug;
		};
		2FD02B332876BBA100C619E2 /* Release */ = {
			isa = XCBuildConfiguration;
			buildSettings = {
				ALWAYS_SEARCH_USER_PATHS = NO;
				CLANG_ANALYZER_NONNULL = YES;
				CLANG_ANALYZER_NUMBER_OBJECT_CONVERSION = YES_AGGRESSIVE;
				CLANG_CXX_LANGUAGE_STANDARD = "gnu++14";
				CLANG_CXX_LIBRARY = "libc++";
				CLANG_ENABLE_MODULES = YES;
				CLANG_ENABLE_OBJC_ARC = YES;
				CLANG_ENABLE_OBJC_WEAK = YES;
				CLANG_WARN_BLOCK_CAPTURE_AUTORELEASING = YES;
				CLANG_WARN_BOOL_CONVERSION = YES;
				CLANG_WARN_COMMA = YES;
				CLANG_WARN_CONSTANT_CONVERSION = YES;
				CLANG_WARN_DEPRECATED_OBJC_IMPLEMENTATIONS = YES;
				CLANG_WARN_DIRECT_OBJC_ISA_USAGE = YES_ERROR;
				CLANG_WARN_DOCUMENTATION_COMMENTS = YES;
				CLANG_WARN_EMPTY_BODY = YES;
				CLANG_WARN_ENUM_CONVERSION = YES;
				CLANG_WARN_INFINITE_RECURSION = YES;
				CLANG_WARN_INT_CONVERSION = YES;
				CLANG_WARN_NON_LITERAL_NULL_CONVERSION = YES;
				CLANG_WARN_OBJC_IMPLICIT_RETAIN_SELF = YES;
				CLANG_WARN_OBJC_LITERAL_CONVERSION = YES;
				CLANG_WARN_OBJC_ROOT_CLASS = YES_ERROR;
				CLANG_WARN_RANGE_LOOP_ANALYSIS = YES;
				CLANG_WARN_STRICT_PROTOTYPES = YES;
				CLANG_WARN_SUSPICIOUS_MOVE = YES;
				CLANG_WARN_UNGUARDED_AVAILABILITY = YES_AGGRESSIVE;
				CLANG_WARN_UNREACHABLE_CODE = YES;
				CLANG_WARN__DUPLICATE_METHOD_MATCH = YES;
				COPY_PHASE_STRIP = NO;
				DEBUG_INFORMATION_FORMAT = "dwarf-with-dsym";
				ENABLE_NS_ASSERTIONS = NO;
				ENABLE_STRICT_OBJC_MSGSEND = YES;
				GCC_C_LANGUAGE_STANDARD = gnu11;
				GCC_NO_COMMON_BLOCKS = YES;
				GCC_WARN_64_TO_32_BIT_CONVERSION = YES;
				GCC_WARN_ABOUT_RETURN_TYPE = YES_ERROR;
				GCC_WARN_UNDECLARED_SELECTOR = YES;
				GCC_WARN_UNINITIALIZED_AUTOS = YES_AGGRESSIVE;
				GCC_WARN_UNUSED_FUNCTION = YES;
				GCC_WARN_UNUSED_VARIABLE = YES;
				IPHONEOS_DEPLOYMENT_TARGET = 13.2;
				MTL_ENABLE_DEBUG_INFO = NO;
				MTL_FAST_MATH = YES;
				SDKROOT = iphoneos;
				SWIFT_COMPILATION_MODE = wholemodule;
				SWIFT_OPTIMIZATION_LEVEL = "-O";
				VALIDATE_PRODUCT = YES;
			};
			name = Release;
		};
		2FD02B352876BBA100C619E2 /* Debug */ = {
			isa = XCBuildConfiguration;
			buildSettings = {
				ASSETCATALOG_COMPILER_APPICON_NAME = AppIcon;
				CODE_SIGN_STYLE = Automatic;
				INFOPLIST_FILE = FinalTestTask/Info.plist;
				LD_RUNPATH_SEARCH_PATHS = (
					"$(inherited)",
					"@executable_path/Frameworks",
				);
				PRODUCT_BUNDLE_IDENTIFIER = vladcatalina.FinalTestTask;
				PRODUCT_NAME = "$(TARGET_NAME)";
				SWIFT_VERSION = 5.0;
				TARGETED_DEVICE_FAMILY = "1,2";
			};
			name = Debug;
		};
		2FD02B362876BBA100C619E2 /* Release */ = {
			isa = XCBuildConfiguration;
			buildSettings = {
				ASSETCATALOG_COMPILER_APPICON_NAME = AppIcon;
				CODE_SIGN_STYLE = Automatic;
				INFOPLIST_FILE = FinalTestTask/Info.plist;
				LD_RUNPATH_SEARCH_PATHS = (
					"$(inherited)",
					"@executable_path/Frameworks",
				);
				PRODUCT_BUNDLE_IDENTIFIER = vladcatalina.FinalTestTask;
				PRODUCT_NAME = "$(TARGET_NAME)";
				SWIFT_VERSION = 5.0;
				TARGETED_DEVICE_FAMILY = "1,2";
			};
			name = Release;
		};
/* End XCBuildConfiguration section */

/* Begin XCConfigurationList section */
		2FD02B1B2876BB9E00C619E2 /* Build configuration list for PBXProject "FinalTestTask" */ = {
			isa = XCConfigurationList;
			buildConfigurations = (
				2FD02B322876BBA100C619E2 /* Debug */,
				2FD02B332876BBA100C619E2 /* Release */,
			);
			defaultConfigurationIsVisible = 0;
			defaultConfigurationName = Release;
		};
		2FD02B342876BBA100C619E2 /* Build configuration list for PBXNativeTarget "FinalTestTask" */ = {
			isa = XCConfigurationList;
			buildConfigurations = (
				2FD02B352876BBA100C619E2 /* Debug */,
				2FD02B362876BBA100C619E2 /* Release */,
			);
			defaultConfigurationIsVisible = 0;
			defaultConfigurationName = Release;
		};
/* End XCConfigurationList section */
	};
	rootObject = 2FD02B182876BB9E00C619E2 /* Project object */;
}
